
Microsoft Visual Studio Solution File, Format Version 12.00
# Visual Studio 15
VisualStudioVersion = 15.0.27703.1
MinimumVisualStudioVersion = 10.0.40219.1
Project("{8BC9CEB8-8B4A-11D0-8D11-00A0C91BC942}") = "미니 게임", "미니 게임\미니 게임.vcxproj", "{703BB53B-6785-4866-B29B-A9FC4C708A1A}"
EndProject
Global
	GlobalSection(SolutionConfigurationPlatforms) = preSolution
		Debug|x64 = Debug|x64
		Debug|x86 = Debug|x86
		Release|x64 = Release|x64
		Release|x86 = Release|x86
	EndGlobalSection
	GlobalSection(ProjectConfigurationPlatforms) = postSolution
		{703BB53B-6785-4866-B29B-A9FC4C708A1A}.Debug|x64.ActiveCfg = Debug|x64
		{703BB53B-6785-4866-B29B-A9FC4C708A1A}.Debug|x64.Build.0 = Debug|x64
		{703BB53B-6785-4866-B29B-A9FC4C708A1A}.Debug|x86.ActiveCfg = Debug|Win32
		{703BB53B-6785-4866-B29B-A9FC4C708A1A}.Debug|x86.Build.0 = Debug|Win32
		{703BB53B-6785-4866-B29B-A9FC4C708A1A}.Release|x64.ActiveCfg = Release|x64
		{703BB53B-6785-4866-B29B-A9FC4C708A1A}.Release|x64.Build.0 = Release|x64
		{703BB53B-6785-4866-B29B-A9FC4C708A1A}.Release|x86.ActiveCfg = Release|Win32
		{703BB53B-6785-4866-B29B-A9FC4C708A1A}.Release|x86.Build.0 = Release|Win32
	EndGlobalSection
	GlobalSection(SolutionProperties) = preSolution
		HideSolutionNode = FALSE
	EndGlobalSection
	GlobalSection(ExtensibilityGlobals) = postSolution
		SolutionGuid = {26A6AEC0-E625-42F6-BEF6-5014CAF2F163}
	EndGlobalSection
EndGlobal
